
Microsoft Visual Studio Solution File, Format Version 12.00
Project("{2150E333-8FDC-42A3-9474-1A3956D46DE8}") = "src", "src", "{3033875F-16E7-4D48-ABD4-C632A3415F31}"
EndProject
Project("{FAE04EC0-301F-11D3-BF4B-00C04F79EFBC}") = "FS.EntityFramework.Library", "src\FS.EntityFramework.Library\FS.EntityFramework.Library.csproj", "{5749E013-7C93-410A-BCEB-DEF29B28B356}"
EndProject
Global
	GlobalSection(SolutionConfigurationPlatforms) = preSolution
		Debug|Any CPU = Debug|Any CPU
		Release|Any CPU = Release|Any CPU
	EndGlobalSection
	GlobalSection(NestedProjects) = preSolution
		{5749E013-7C93-410A-BCEB-DEF29B28B356} = {3033875F-16E7-4D48-ABD4-C632A3415F31}
	EndGlobalSection
	GlobalSection(ProjectConfigurationPlatforms) = postSolution
		{5749E013-7C93-410A-BCEB-DEF29B28B356}.Debug|Any CPU.ActiveCfg = Debug|Any CPU
		{5749E013-7C93-410A-BCEB-DEF29B28B356}.Debug|Any CPU.Build.0 = Debug|Any CPU
		{5749E013-7C93-410A-BCEB-DEF29B28B356}.Release|Any CPU.ActiveCfg = Release|Any CPU
		{5749E013-7C93-410A-BCEB-DEF29B28B356}.Release|Any CPU.Build.0 = Release|Any CPU
	EndGlobalSection
EndGlobal
